
Microsoft Visual Studio Solution File, Format Version 12.00
# Visual Studio 2012
Project("{FAE04EC0-301F-11D3-BF4B-00C04F79EFBC}") = "datastructurestask5", "datastructurestask5\datastructurestask5.csproj", "{FDB4CABA-BD34-4D50-8275-EC09611350FB}"
EndProject
Global
	GlobalSection(SolutionConfigurationPlatforms) = preSolution
		Debug|Any CPU = Debug|Any CPU
		Release|Any CPU = Release|Any CPU
	EndGlobalSection
	GlobalSection(ProjectConfigurationPlatforms) = postSolution
		{FDB4CABA-BD34-4D50-8275-EC09611350FB}.Debug|Any CPU.ActiveCfg = Debug|Any CPU
		{FDB4CABA-BD34-4D50-8275-EC09611350FB}.Debug|Any CPU.Build.0 = Debug|Any CPU
		{FDB4CABA-BD34-4D50-8275-EC09611350FB}.Release|Any CPU.ActiveCfg = Release|Any CPU
		{FDB4CABA-BD34-4D50-8275-EC09611350FB}.Release|Any CPU.Build.0 = Release|Any CPU
	EndGlobalSection
	GlobalSection(SolutionProperties) = preSolution
		HideSolutionNode = FALSE
	EndGlobalSection
EndGlobal
